<?xml version="1.0" encoding="utf-8"?>
<Project ToolsVersion="4.0" xmlns="http://schemas.microsoft.com/developer/msbuild/2003">
  <ItemGroup>
    <Filter Include="source">
      <UniqueIdentifier>{7cd3eef7-9d9e-4989-b1c1-0df1570f0e80}</UniqueIdentifier>
    </Filter>
  </ItemGroup>
  <ItemGroup>
    <ClCompile Include="source\BitmapData.cpp">
      <Filter>source</Filter>
    </ClCompile>
    <ClCompile Include="source\ChipBackGround.cpp">
      <Filter>source</Filter>
    </ClCompile>
    <ClCompile Include="source\Common.cpp">
      <Filter>source</Filter>
    </ClCompile>
    <ClCompile Include="source\ConsoleWindow.cpp">
      <Filter>source</Filter>
    </ClCompile>
    <ClCompile Include="source\CreateData.cpp">
      <Filter>source</Filter>
    </ClCompile>
    <ClCompile Include="source\DrawLoop.cpp">
      <Filter>source</Filter>
    </ClCompile>
    <ClCompile Include="source\KeyManager.cpp">
      <Filter>source</Filter>
    </ClCompile>
    <ClCompile Include="source\LoadMapData.cpp">
      <Filter>source</Filter>
    </ClCompile>
    <ClCompile Include="source\Sprite.cpp">
      <Filter>source</Filter>
    </ClCompile>
    <ClCompile Include="source\TimeProc.cpp">
      <Filter>source</Filter>
    </ClCompile>
    <ClCompile Include="source\WinMain.cpp">
      <Filter>source</Filter>
    </ClCompile>
    <ClCompile Include="source\WndProc.cpp">
      <Filter>source</Filter>
    </ClCompile>
  </ItemGroup>
  <ItemGroup>
    <ClInclude Include="source\BitmapData.h">
      <Filter>source</Filter>
    </ClInclude>
    <ClInclude Include="source\ChipBackGround.h">
      <Filter>source</Filter>
    </ClInclude>
    <ClInclude Include="source\Common.h">
      <Filter>source</Filter>
    </ClInclude>
    <ClInclude Include="source\ConsoleWindow.h">
      <Filter>source</Filter>
    </ClInclude>
    <ClInclude Include="source\CreateData.h">
      <Filter>source</Filter>
    </ClInclude>
    <ClInclude Include="source\DrawLoop.h">
      <Filter>source</Filter>
    </ClInclude>
    <ClInclude Include="source\KeyManager.h">
      <Filter>source</Filter>
    </ClInclude>
    <ClInclude Include="source\LoadMapData.h">
      <Filter>source</Filter>
    </ClInclude>
    <ClInclude Include="source\Sprite.h">
      <Filter>source</Filter>
    </ClInclude>
    <ClInclude Include="source\TimeProc.h">
      <Filter>source</Filter>
    </ClInclude>
    <ClInclude Include="source\WndProc.h">
      <Filter>source</Filter>
    </ClInclude>
  </ItemGroup>
</Project>